// !$*UTF8*$!
{
	archiveVersion = 1;
	classes = {
	};
	objectVersion = 56;
	objects = {

/* Begin PBXBuildFile section */
		116EDAB62A09674500A184C7 /* User.model.swift in Sources */ = {isa = PBXBuildFile; fileRef = 116EDAB52A09674500A184C7 /* User.model.swift */; };
		116EDAB82A0988A700A184C7 /* MainView.swift in Sources */ = {isa = PBXBuildFile; fileRef = 116EDAB72A0988A700A184C7 /* MainView.swift */; };
		116EDABA2A098A0E00A184C7 /* UserRequest.swift in Sources */ = {isa = PBXBuildFile; fileRef = 116EDAB92A098A0E00A184C7 /* UserRequest.swift */; };
		116EDABC2A098D4700A184C7 /* RegisterView.swift in Sources */ = {isa = PBXBuildFile; fileRef = 116EDABB2A098D4700A184C7 /* RegisterView.swift */; };
		116EDACA2A099F2F00A184C7 /* UserRequest.swift in Sources */ = {isa = PBXBuildFile; fileRef = 116EDAB92A098A0E00A184C7 /* UserRequest.swift */; };
		116EDACB2A09A03A00A184C7 /* User.model.swift in Sources */ = {isa = PBXBuildFile; fileRef = 116EDAB52A09674500A184C7 /* User.model.swift */; };
		116EDACD2A0A92E600A184C7 /* CircleImage.swift in Sources */ = {isa = PBXBuildFile; fileRef = 116EDACC2A0A92E600A184C7 /* CircleImage.swift */; };
		116EDAD12A0A939400A184C7 /* FiveKeyValuesView.swift in Sources */ = {isa = PBXBuildFile; fileRef = 116EDAD02A0A939400A184C7 /* FiveKeyValuesView.swift */; };
		116EDAD72A0A9F2700A184C7 /* chaptersData.json in Resources */ = {isa = PBXBuildFile; fileRef = 116EDAD62A0A9F2700A184C7 /* chaptersData.json */; };
		116EDAD92A0A9FB800A184C7 /* Chapter.swift in Sources */ = {isa = PBXBuildFile; fileRef = 116EDAD82A0A9FB800A184C7 /* Chapter.swift */; };
		116EDADB2A0AA06400A184C7 /* ChapterModelData.swift in Sources */ = {isa = PBXBuildFile; fileRef = 116EDADA2A0AA06400A184C7 /* ChapterModelData.swift */; };
		116EDADE2A0AA0CB00A184C7 /* ChapterRow.swift in Sources */ = {isa = PBXBuildFile; fileRef = 116EDADD2A0AA0CB00A184C7 /* ChapterRow.swift */; };
		116EDAE02A0AA3DF00A184C7 /* ChapterList.swift in Sources */ = {isa = PBXBuildFile; fileRef = 116EDADF2A0AA3DF00A184C7 /* ChapterList.swift */; };
		11FDFEEB2A0938B6002A9DE3 /* InductionAppApp.swift in Sources */ = {isa = PBXBuildFile; fileRef = 11FDFEEA2A0938B6002A9DE3 /* InductionAppApp.swift */; };
		11FDFEED2A0938B6002A9DE3 /* ContentView.swift in Sources */ = {isa = PBXBuildFile; fileRef = 11FDFEEC2A0938B6002A9DE3 /* ContentView.swift */; };
		11FDFEEF2A0938B8002A9DE3 /* Assets.xcassets in Resources */ = {isa = PBXBuildFile; fileRef = 11FDFEEE2A0938B8002A9DE3 /* Assets.xcassets */; };
		11FDFEF22A0938B8002A9DE3 /* Preview Assets.xcassets in Resources */ = {isa = PBXBuildFile; fileRef = 11FDFEF12A0938B8002A9DE3 /* Preview Assets.xcassets */; };
/* End PBXBuildFile section */

/* Begin PBXContainerItemProxy section */
		116EDAC52A099F1600A184C7 /* PBXContainerItemProxy */ = {
			isa = PBXContainerItemProxy;
			containerPortal = 11FDFEDF2A0938B6002A9DE3 /* Project object */;
			proxyType = 1;
			remoteGlobalIDString = 11FDFEE62A0938B6002A9DE3;
			remoteInfo = InductionApp;
		};
/* End PBXContainerItemProxy section */

/* Begin PBXFileReference section */
		116EDAB52A09674500A184C7 /* User.model.swift */ = {isa = PBXFileReference; lastKnownFileType = sourcecode.swift; path = User.model.swift; sourceTree = "<group>"; };
		116EDAB72A0988A700A184C7 /* MainView.swift */ = {isa = PBXFileReference; lastKnownFileType = sourcecode.swift; path = MainView.swift; sourceTree = "<group>"; };
		116EDAB92A098A0E00A184C7 /* UserRequest.swift */ = {isa = PBXFileReference; lastKnownFileType = sourcecode.swift; path = UserRequest.swift; sourceTree = "<group>"; };
		116EDABB2A098D4700A184C7 /* RegisterView.swift */ = {isa = PBXFileReference; lastKnownFileType = sourcecode.swift; path = RegisterView.swift; sourceTree = "<group>"; };
		116EDAC12A099F1600A184C7 /* UserRequestTests.xctest */ = {isa = PBXFileReference; explicitFileType = wrapper.cfbundle; includeInIndex = 0; path = UserRequestTests.xctest; sourceTree = BUILT_PRODUCTS_DIR; };
		116EDACC2A0A92E600A184C7 /* CircleImage.swift */ = {isa = PBXFileReference; lastKnownFileType = sourcecode.swift; path = CircleImage.swift; sourceTree = "<group>"; };
		116EDAD02A0A939400A184C7 /* FiveKeyValuesView.swift */ = {isa = PBXFileReference; lastKnownFileType = sourcecode.swift; path = FiveKeyValuesView.swift; sourceTree = "<group>"; };
		116EDAD62A0A9F2700A184C7 /* chaptersData.json */ = {isa = PBXFileReference; fileEncoding = 4; lastKnownFileType = text.json; path = chaptersData.json; sourceTree = "<group>"; };
		116EDAD82A0A9FB800A184C7 /* Chapter.swift */ = {isa = PBXFileReference; lastKnownFileType = sourcecode.swift; path = Chapter.swift; sourceTree = "<group>"; };
		116EDADA2A0AA06400A184C7 /* ChapterModelData.swift */ = {isa = PBXFileReference; lastKnownFileType = sourcecode.swift; path = ChapterModelData.swift; sourceTree = "<group>"; };
		116EDADD2A0AA0CB00A184C7 /* ChapterRow.swift */ = {isa = PBXFileReference; lastKnownFileType = sourcecode.swift; path = ChapterRow.swift; sourceTree = "<group>"; };
		116EDADF2A0AA3DF00A184C7 /* ChapterList.swift */ = {isa = PBXFileReference; lastKnownFileType = sourcecode.swift; path = ChapterList.swift; sourceTree = "<group>"; };
		11FDFEE72A0938B6002A9DE3 /* InductionApp.app */ = {isa = PBXFileReference; explicitFileType = wrapper.application; includeInIndex = 0; path = InductionApp.app; sourceTree = BUILT_PRODUCTS_DIR; };
		11FDFEEA2A0938B6002A9DE3 /* InductionAppApp.swift */ = {isa = PBXFileReference; lastKnownFileType = sourcecode.swift; path = InductionAppApp.swift; sourceTree = "<group>"; };
		11FDFEEC2A0938B6002A9DE3 /* ContentView.swift */ = {isa = PBXFileReference; lastKnownFileType = sourcecode.swift; path = ContentView.swift; sourceTree = "<group>"; };
		11FDFEEE2A0938B8002A9DE3 /* Assets.xcassets */ = {isa = PBXFileReference; lastKnownFileType = folder.assetcatalog; path = Assets.xcassets; sourceTree = "<group>"; };
		11FDFEF12A0938B8002A9DE3 /* Preview Assets.xcassets */ = {isa = PBXFileReference; lastKnownFileType = folder.assetcatalog; path = "Preview Assets.xcassets"; sourceTree = "<group>"; };
/* End PBXFileReference section */

/* Begin PBXFrameworksBuildPhase section */
		116EDABE2A099F1600A184C7 /* Frameworks */ = {
			isa = PBXFrameworksBuildPhase;
			buildActionMask = 2147483647;
			files = (
			);
			runOnlyForDeploymentPostprocessing = 0;
		};
		11FDFEE42A0938B6002A9DE3 /* Frameworks */ = {
			isa = PBXFrameworksBuildPhase;
			buildActionMask = 2147483647;
			files = (
			);
			runOnlyForDeploymentPostprocessing = 0;
		};
/* End PBXFrameworksBuildPhase section */

/* Begin PBXGroup section */
		116EDAD32A0A9E4F00A184C7 /* Views */ = {
			isa = PBXGroup;
			children = (
				11FDFEEC2A0938B6002A9DE3 /* ContentView.swift */,
				116EDAD02A0A939400A184C7 /* FiveKeyValuesView.swift */,
				116EDABB2A098D4700A184C7 /* RegisterView.swift */,
				116EDAB72A0988A700A184C7 /* MainView.swift */,
				116EDADD2A0AA0CB00A184C7 /* ChapterRow.swift */,
				116EDADF2A0AA3DF00A184C7 /* ChapterList.swift */,
			);
			path = Views;
			sourceTree = "<group>";
		};
		116EDAD42A0A9E8300A184C7 /* Models */ = {
			isa = PBXGroup;
			children = (
				116EDAD82A0A9FB800A184C7 /* Chapter.swift */,
				116EDADA2A0AA06400A184C7 /* ChapterModelData.swift */,
				116EDACC2A0A92E600A184C7 /* CircleImage.swift */,
				116EDAB52A09674500A184C7 /* User.model.swift */,
			);
			path = Models;
			sourceTree = "<group>";
		};
		116EDAD52A0A9E8E00A184C7 /* Controllers */ = {
			isa = PBXGroup;
			children = (
				116EDAB92A098A0E00A184C7 /* UserRequest.swift */,
			);
			path = Controllers;
			sourceTree = "<group>";
		};
		116EDADC2A0AA0A900A184C7 /* Resources */ = {
			isa = PBXGroup;
			children = (
				116EDAD62A0A9F2700A184C7 /* chaptersData.json */,
			);
			path = Resources;
			sourceTree = "<group>";
		};
		11FDFEDE2A0938B6002A9DE3 = {
			isa = PBXGroup;
			children = (
				11FDFEE92A0938B6002A9DE3 /* InductionApp */,
				11FDFEE82A0938B6002A9DE3 /* Products */,
			);
			sourceTree = "<group>";
		};
		11FDFEE82A0938B6002A9DE3 /* Products */ = {
			isa = PBXGroup;
			children = (
				11FDFEE72A0938B6002A9DE3 /* InductionApp.app */,
				116EDAC12A099F1600A184C7 /* UserRequestTests.xctest */,
			);
			name = Products;
			sourceTree = "<group>";
		};
		11FDFEE92A0938B6002A9DE3 /* InductionApp */ = {
			isa = PBXGroup;
			children = (
				116EDADC2A0AA0A900A184C7 /* Resources */,
				116EDAD42A0A9E8300A184C7 /* Models */,
				116EDAD32A0A9E4F00A184C7 /* Views */,
				11FDFEEA2A0938B6002A9DE3 /* InductionAppApp.swift */,
				116EDAD52A0A9E8E00A184C7 /* Controllers */,
				11FDFEEE2A0938B8002A9DE3 /* Assets.xcassets */,
				11FDFEF02A0938B8002A9DE3 /* Preview Content */,
			);
			path = InductionApp;
			sourceTree = "<group>";
		};
		11FDFEF02A0938B8002A9DE3 /* Preview Content */ = {
			isa = PBXGroup;
			children = (
				11FDFEF12A0938B8002A9DE3 /* Preview Assets.xcassets */,
			);
			path = "Preview Content";
			sourceTree = "<group>";
		};
/* End PBXGroup section */

/* Begin PBXNativeTarget section */
		116EDAC02A099F1600A184C7 /* UserRequestTests */ = {
			isa = PBXNativeTarget;
			buildConfigurationList = 116EDAC72A099F1600A184C7 /* Build configuration list for PBXNativeTarget "UserRequestTests" */;
			buildPhases = (
				116EDABD2A099F1600A184C7 /* Sources */,
				116EDABE2A099F1600A184C7 /* Frameworks */,
				116EDABF2A099F1600A184C7 /* Resources */,
			);
			buildRules = (
			);
			dependencies = (
				116EDAC62A099F1600A184C7 /* PBXTargetDependency */,
			);
			name = UserRequestTests;
			productName = UserRequestTests;
			productReference = 116EDAC12A099F1600A184C7 /* UserRequestTests.xctest */;
			productType = "com.apple.product-type.bundle.unit-test";
		};
		11FDFEE62A0938B6002A9DE3 /* InductionApp */ = {
			isa = PBXNativeTarget;
			buildConfigurationList = 11FDFEF52A0938B8002A9DE3 /* Build configuration list for PBXNativeTarget "InductionApp" */;
			buildPhases = (
				11FDFEE32A0938B6002A9DE3 /* Sources */,
				11FDFEE42A0938B6002A9DE3 /* Frameworks */,
				11FDFEE52A0938B6002A9DE3 /* Resources */,
			);
			buildRules = (
			);
			dependencies = (
			);
			name = InductionApp;
			productName = InductionApp;
			productReference = 11FDFEE72A0938B6002A9DE3 /* InductionApp.app */;
			productType = "com.apple.product-type.application";
		};
/* End PBXNativeTarget section */

/* Begin PBXProject section */
		11FDFEDF2A0938B6002A9DE3 /* Project object */ = {
			isa = PBXProject;
			attributes = {
				BuildIndependentTargetsInParallel = 1;
				LastSwiftUpdateCheck = 1420;
				LastUpgradeCheck = 1420;
				TargetAttributes = {
					116EDAC02A099F1600A184C7 = {
						CreatedOnToolsVersion = 14.2;
						TestTargetID = 11FDFEE62A0938B6002A9DE3;
					};
					11FDFEE62A0938B6002A9DE3 = {
						CreatedOnToolsVersion = 14.2;
					};
				};
			};
			buildConfigurationList = 11FDFEE22A0938B6002A9DE3 /* Build configuration list for PBXProject "InductionApp" */;
			compatibilityVersion = "Xcode 14.0";
			developmentRegion = en;
			hasScannedForEncodings = 0;
			knownRegions = (
				en,
				Base,
			);
			mainGroup = 11FDFEDE2A0938B6002A9DE3;
			productRefGroup = 11FDFEE82A0938B6002A9DE3 /* Products */;
			projectDirPath = "";
			projectRoot = "";
			targets = (
				11FDFEE62A0938B6002A9DE3 /* InductionApp */,
				116EDAC02A099F1600A184C7 /* UserRequestTests */,
			);
		};
/* End PBXProject section */

/* Begin PBXResourcesBuildPhase section */
		116EDABF2A099F1600A184C7 /* Resources */ = {
			isa = PBXResourcesBuildPhase;
			buildActionMask = 2147483647;
			files = (
			);
			runOnlyForDeploymentPostprocessing = 0;
		};
		11FDFEE52A0938B6002A9DE3 /* Resources */ = {
			isa = PBXResourcesBuildPhase;
			buildActionMask = 2147483647;
			files = (
				11FDFEF22A0938B8002A9DE3 /* Preview Assets.xcassets in Resources */,
				11FDFEEF2A0938B8002A9DE3 /* Assets.xcassets in Resources */,
				116EDAD72A0A9F2700A184C7 /* chaptersData.json in Resources */,
			);
			runOnlyForDeploymentPostprocessing = 0;
		};
/* End PBXResourcesBuildPhase section */

/* Begin PBXSourcesBuildPhase section */
		116EDABD2A099F1600A184C7 /* Sources */ = {
			isa = PBXSourcesBuildPhase;
			buildActionMask = 2147483647;
			files = (
				116EDACA2A099F2F00A184C7 /* UserRequest.swift in Sources */,
				116EDACB2A09A03A00A184C7 /* User.model.swift in Sources */,
			);
			runOnlyForDeploymentPostprocessing = 0;
		};
		11FDFEE32A0938B6002A9DE3 /* Sources */ = {
			isa = PBXSourcesBuildPhase;
			buildActionMask = 2147483647;
			files = (
				11FDFEED2A0938B6002A9DE3 /* ContentView.swift in Sources */,
				11FDFEEB2A0938B6002A9DE3 /* InductionAppApp.swift in Sources */,
				116EDAB82A0988A700A184C7 /* MainView.swift in Sources */,
				116EDAD92A0A9FB800A184C7 /* Chapter.swift in Sources */,
				116EDADE2A0AA0CB00A184C7 /* ChapterRow.swift in Sources */,
				116EDACD2A0A92E600A184C7 /* CircleImage.swift in Sources */,
				116EDADB2A0AA06400A184C7 /* ChapterModelData.swift in Sources */,
				116EDAE02A0AA3DF00A184C7 /* ChapterList.swift in Sources */,
				116EDABC2A098D4700A184C7 /* RegisterView.swift in Sources */,
				116EDABA2A098A0E00A184C7 /* UserRequest.swift in Sources */,
				116EDAD12A0A939400A184C7 /* FiveKeyValuesView.swift in Sources */,
				116EDAB62A09674500A184C7 /* User.model.swift in Sources */,
			);
			runOnlyForDeploymentPostprocessing = 0;
		};
/* End PBXSourcesBuildPhase section */

/* Begin PBXTargetDependency section */
		116EDAC62A099F1600A184C7 /* PBXTargetDependency */ = {
			isa = PBXTargetDependency;
			target = 11FDFEE62A0938B6002A9DE3 /* InductionApp */;
			targetProxy = 116EDAC52A099F1600A184C7 /* PBXContainerItemProxy */;
		};
/* End PBXTargetDependency section */

/* Begin XCBuildConfiguration section */
		116EDAC82A099F1600A184C7 /* Debug */ = {
			isa = XCBuildConfiguration;
			buildSettings = {
				BUNDLE_LOADER = "$(TEST_HOST)";
				CODE_SIGN_STYLE = Automatic;
				CURRENT_PROJECT_VERSION = 1;
				GENERATE_INFOPLIST_FILE = YES;
				MARKETING_VERSION = 1.0;
				PRODUCT_BUNDLE_IDENTIFIER = lukelai.UserRequestTests;
				PRODUCT_NAME = "$(TARGET_NAME)";
				SWIFT_EMIT_LOC_STRINGS = NO;
				SWIFT_VERSION = 5.0;
				TARGETED_DEVICE_FAMILY = "1,2";
				TEST_HOST = "$(BUILT_PRODUCTS_DIR)/InductionApp.app/$(BUNDLE_EXECUTABLE_FOLDER_PATH)/InductionApp";
			};
			name = Debug;
		};
		116EDAC92A099F1600A184C7 /* Release */ = {
			isa = XCBuildConfiguration;
			buildSettings = {
				BUNDLE_LOADER = "$(TEST_HOST)";
				CODE_SIGN_STYLE = Automatic;
				CURRENT_PROJECT_VERSION = 1;
				GENERATE_INFOPLIST_FILE = YES;
				MARKETING_VERSION = 1.0;
				PRODUCT_BUNDLE_IDENTIFIER = lukelai.UserRequestTests;
				PRODUCT_NAME = "$(TARGET_NAME)";
				SWIFT_EMIT_LOC_STRINGS = NO;
				SWIFT_VERSION = 5.0;
				TARGETED_DEVICE_FAMILY = "1,2";
				TEST_HOST = "$(BUILT_PRODUCTS_DIR)/InductionApp.app/$(BUNDLE_EXECUTABLE_FOLDER_PATH)/InductionApp";
			};
			name = Release;
		};
		11FDFEF32A0938B8002A9DE3 /* Debug */ = {
			isa = XCBuildConfiguration;
			buildSettings = {
				ALWAYS_SEARCH_USER_PATHS = NO;
				CLANG_ANALYZER_NONNULL = YES;
				CLANG_ANALYZER_NUMBER_OBJECT_CONVERSION = YES_AGGRESSIVE;
				CLANG_CXX_LANGUAGE_STANDARD = "gnu++20";
				CLANG_ENABLE_MODULES = YES;
				CLANG_ENABLE_OBJC_ARC = YES;
				CLANG_ENABLE_OBJC_WEAK = YES;
				CLANG_WARN_BLOCK_CAPTURE_AUTORELEASING = YES;
				CLANG_WARN_BOOL_CONVERSION = YES;
				CLANG_WARN_COMMA = YES;
				CLANG_WARN_CONSTANT_CONVERSION = YES;
				CLANG_WARN_DEPRECATED_OBJC_IMPLEMENTATIONS = YES;
				CLANG_WARN_DIRECT_OBJC_ISA_USAGE = YES_ERROR;
				CLANG_WARN_DOCUMENTATION_COMMENTS = YES;
				CLANG_WARN_EMPTY_BODY = YES;
				CLANG_WARN_ENUM_CONVERSION = YES;
				CLANG_WARN_INFINITE_RECURSION = YES;
				CLANG_WARN_INT_CONVERSION = YES;
				CLANG_WARN_NON_LITERAL_NULL_CONVERSION = YES;
				CLANG_WARN_OBJC_IMPLICIT_RETAIN_SELF = YES;
				CLANG_WARN_OBJC_LITERAL_CONVERSION = YES;
				CLANG_WARN_OBJC_ROOT_CLASS = YES_ERROR;
				CLANG_WARN_QUOTED_INCLUDE_IN_FRAMEWORK_HEADER = YES;
				CLANG_WARN_RANGE_LOOP_ANALYSIS = YES;
				CLANG_WARN_STRICT_PROTOTYPES = YES;
				CLANG_WARN_SUSPICIOUS_MOVE = YES;
				CLANG_WARN_UNGUARDED_AVAILABILITY = YES_AGGRESSIVE;
				CLANG_WARN_UNREACHABLE_CODE = YES;
				CLANG_WARN__DUPLICATE_METHOD_MATCH = YES;
				COPY_PHASE_STRIP = NO;
				DEBUG_INFORMATION_FORMAT = dwarf;
				ENABLE_STRICT_OBJC_MSGSEND = YES;
				ENABLE_TESTABILITY = YES;
				GCC_C_LANGUAGE_STANDARD = gnu11;
				GCC_DYNAMIC_NO_PIC = NO;
				GCC_NO_COMMON_BLOCKS = YES;
				GCC_OPTIMIZATION_LEVEL = 0;
				GCC_PREPROCESSOR_DEFINITIONS = (
					"DEBUG=1",
					"$(inherited)",
				);
				GCC_WARN_64_TO_32_BIT_CONVERSION = YES;
				GCC_WARN_ABOUT_RETURN_TYPE = YES_ERROR;
				GCC_WARN_UNDECLARED_SELECTOR = YES;
				GCC_WARN_UNINITIALIZED_AUTOS = YES_AGGRESSIVE;
				GCC_WARN_UNUSED_FUNCTION = YES;
				GCC_WARN_UNUSED_VARIABLE = YES;
				IPHONEOS_DEPLOYMENT_TARGET = 16.2;
				MTL_ENABLE_DEBUG_INFO = INCLUDE_SOURCE;
				MTL_FAST_MATH = YES;
				ONLY_ACTIVE_ARCH = YES;
				SDKROOT = iphoneos;
				SWIFT_ACTIVE_COMPILATION_CONDITIONS = DEBUG;
				SWIFT_OPTIMIZATION_LEVEL = "-Onone";
			};
			name = Debug;
		};
		11FDFEF42A0938B8002A9DE3 /* Release */ = {
			isa = XCBuildConfiguration;
			buildSettings = {
				ALWAYS_SEARCH_USER_PATHS = NO;
				CLANG_ANALYZER_NONNULL = YES;
				CLANG_ANALYZER_NUMBER_OBJECT_CONVERSION = YES_AGGRESSIVE;
				CLANG_CXX_LANGUAGE_STANDARD = "gnu++20";
				CLANG_ENABLE_MODULES = YES;
				CLANG_ENABLE_OBJC_ARC = YES;
				CLANG_ENABLE_OBJC_WEAK = YES;
				CLANG_WARN_BLOCK_CAPTURE_AUTORELEASING = YES;
				CLANG_WARN_BOOL_CONVERSION = YES;
				CLANG_WARN_COMMA = YES;
				CLANG_WARN_CONSTANT_CONVERSION = YES;
				CLANG_WARN_DEPRECATED_OBJC_IMPLEMENTATIONS = YES;
				CLANG_WARN_DIRECT_OBJC_ISA_USAGE = YES_ERROR;
				CLANG_WARN_DOCUMENTATION_COMMENTS = YES;
				CLANG_WARN_EMPTY_BODY = YES;
				CLANG_WARN_ENUM_CONVERSION = YES;
				CLANG_WARN_INFINITE_RECURSION = YES;
				CLANG_WARN_INT_CONVERSION = YES;
				CLANG_WARN_NON_LITERAL_NULL_CONVERSION = YES;
				CLANG_WARN_OBJC_IMPLICIT_RETAIN_SELF = YES;
				CLANG_WARN_OBJC_LITERAL_CONVERSION = YES;
				CLANG_WARN_OBJC_ROOT_CLASS = YES_ERROR;
				CLANG_WARN_QUOTED_INCLUDE_IN_FRAMEWORK_HEADER = YES;
				CLANG_WARN_RANGE_LOOP_ANALYSIS = YES;
				CLANG_WARN_STRICT_PROTOTYPES = YES;
				CLANG_WARN_SUSPICIOUS_MOVE = YES;
				CLANG_WARN_UNGUARDED_AVAILABILITY = YES_AGGRESSIVE;
				CLANG_WARN_UNREACHABLE_CODE = YES;
				CLANG_WARN__DUPLICATE_METHOD_MATCH = YES;
				COPY_PHASE_STRIP = NO;
				DEBUG_INFORMATION_FORMAT = "dwarf-with-dsym";
				ENABLE_NS_ASSERTIONS = NO;
				ENABLE_STRICT_OBJC_MSGSEND = YES;
				GCC_C_LANGUAGE_STANDARD = gnu11;
				GCC_NO_COMMON_BLOCKS = YES;
				GCC_WARN_64_TO_32_BIT_CONVERSION = YES;
				GCC_WARN_ABOUT_RETURN_TYPE = YES_ERROR;
				GCC_WARN_UNDECLARED_SELECTOR = YES;
				GCC_WARN_UNINITIALIZED_AUTOS = YES_AGGRESSIVE;
				GCC_WARN_UNUSED_FUNCTION = YES;
				GCC_WARN_UNUSED_VARIABLE = YES;
				IPHONEOS_DEPLOYMENT_TARGET = 16.2;
				MTL_ENABLE_DEBUG_INFO = NO;
				MTL_FAST_MATH = YES;
				SDKROOT = iphoneos;
				SWIFT_COMPILATION_MODE = wholemodule;
				SWIFT_OPTIMIZATION_LEVEL = "-O";
				VALIDATE_PRODUCT = YES;
			};
			name = Release;
		};
		11FDFEF62A0938B8002A9DE3 /* Debug */ = {
			isa = XCBuildConfiguration;
			buildSettings = {
				ASSETCATALOG_COMPILER_APPICON_NAME = AppIcon;
				ASSETCATALOG_COMPILER_GLOBAL_ACCENT_COLOR_NAME = AccentColor;
				CODE_SIGN_STYLE = Automatic;
				CURRENT_PROJECT_VERSION = 1;
				DEVELOPMENT_ASSET_PATHS = "\"InductionApp/Preview Content\"";
				ENABLE_PREVIEWS = YES;
				GENERATE_INFOPLIST_FILE = YES;
				INFOPLIST_KEY_UIApplicationSceneManifest_Generation = YES;
				INFOPLIST_KEY_UIApplicationSupportsIndirectInputEvents = YES;
				INFOPLIST_KEY_UILaunchScreen_Generation = YES;
				INFOPLIST_KEY_UISupportedInterfaceOrientations_iPad = "UIInterfaceOrientationPortrait UIInterfaceOrientationPortraitUpsideDown UIInterfaceOrientationLandscapeLeft UIInterfaceOrientationLandscapeRight";
				INFOPLIST_KEY_UISupportedInterfaceOrientations_iPhone = "UIInterfaceOrientationPortrait UIInterfaceOrientationLandscapeLeft UIInterfaceOrientationLandscapeRight";
				LD_RUNPATH_SEARCH_PATHS = (
					"$(inherited)",
					"@executable_path/Frameworks",
				);
				MARKETING_VERSION = 1.0;
				PRODUCT_BUNDLE_IDENTIFIER = lukelai.InductionApp;
				PRODUCT_NAME = "$(TARGET_NAME)";
				SWIFT_EMIT_LOC_STRINGS = YES;
				SWIFT_VERSION = 5.0;
				TARGETED_DEVICE_FAMILY = "1,2";
			};
			name = Debug;
		};
		11FDFEF72A0938B8002A9DE3 /* Release */ = {
			isa = XCBuildConfiguration;
			buildSettings = {
				ASSETCATALOG_COMPILER_APPICON_NAME = AppIcon;
				ASSETCATALOG_COMPILER_GLOBAL_ACCENT_COLOR_NAME = AccentColor;
				CODE_SIGN_STYLE = Automatic;
				CURRENT_PROJECT_VERSION = 1;
				DEVELOPMENT_ASSET_PATHS = "\"InductionApp/Preview Content\"";
				ENABLE_PREVIEWS = YES;
				GENERATE_INFOPLIST_FILE = YES;
				INFOPLIST_KEY_UIApplicationSceneManifest_Generation = YES;
				INFOPLIST_KEY_UIApplicationSupportsIndirectInputEvents = YES;
				INFOPLIST_KEY_UILaunchScreen_Generation = YES;
				INFOPLIST_KEY_UISupportedInterfaceOrientations_iPad = "UIInterfaceOrientationPortrait UIInterfaceOrientationPortraitUpsideDown UIInterfaceOrientationLandscapeLeft UIInterfaceOrientationLandscapeRight";
				INFOPLIST_KEY_UISupportedInterfaceOrientations_iPhone = "UIInterfaceOrientationPortrait UIInterfaceOrientationLandscapeLeft UIInterfaceOrientationLandscapeRight";
				LD_RUNPATH_SEARCH_PATHS = (
					"$(inherited)",
					"@executable_path/Frameworks",
				);
				MARKETING_VERSION = 1.0;
				PRODUCT_BUNDLE_IDENTIFIER = lukelai.InductionApp;
				PRODUCT_NAME = "$(TARGET_NAME)";
				SWIFT_EMIT_LOC_STRINGS = YES;
				SWIFT_VERSION = 5.0;
				TARGETED_DEVICE_FAMILY = "1,2";
			};
			name = Release;
		};
/* End XCBuildConfiguration section */

/* Begin XCConfigurationList section */
		116EDAC72A099F1600A184C7 /* Build configuration list for PBXNativeTarget "UserRequestTests" */ = {
			isa = XCConfigurationList;
			buildConfigurations = (
				116EDAC82A099F1600A184C7 /* Debug */,
				116EDAC92A099F1600A184C7 /* Release */,
			);
			defaultConfigurationIsVisible = 0;
			defaultConfigurationName = Release;
		};
		11FDFEE22A0938B6002A9DE3 /* Build configuration list for PBXProject "InductionApp" */ = {
			isa = XCConfigurationList;
			buildConfigurations = (
				11FDFEF32A0938B8002A9DE3 /* Debug */,
				11FDFEF42A0938B8002A9DE3 /* Release */,
			);
			defaultConfigurationIsVisible = 0;
			defaultConfigurationName = Release;
		};
		11FDFEF52A0938B8002A9DE3 /* Build configuration list for PBXNativeTarget "InductionApp" */ = {
			isa = XCConfigurationList;
			buildConfigurations = (
				11FDFEF62A0938B8002A9DE3 /* Debug */,
				11FDFEF72A0938B8002A9DE3 /* Release */,
			);
			defaultConfigurationIsVisible = 0;
			defaultConfigurationName = Release;
		};
/* End XCConfigurationList section */
	};
	rootObject = 11FDFEDF2A0938B6002A9DE3 /* Project object */;
}
